
Microsoft Visual Studio Solution File, Format Version 12.00
# Visual Studio Version 16
VisualStudioVersion = 16.0.29503.13
MinimumVisualStudioVersion = 10.0.40219.1
Project("{FAE04EC0-301F-11D3-BF4B-00C04F79EFBC}") = "App1.UWP.BlankApp", "App1.UWP.BlankApp\App1.UWP.BlankApp.csproj", "{8D6658F9-7CD6-4F98-85C0-3F18429319F4}"
EndProject
Project("{9A19103F-16F7-4668-BE54-9A1E7A4F7556}") = "WpfApp1", "WpfApp1\WpfApp1.csproj", "{3AE60D07-C8AE-483E-82E8-0DD57CA5F4D6}"
EndProject
Project("{9A19103F-16F7-4668-BE54-9A1E7A4F7556}") = "MyLevelEditor", "MyLevelEditor\MyLevelEditor.csproj", "{886F7138-90C1-485E-8B6E-3EEAF92E8E0E}"
EndProject
Global
	GlobalSection(SolutionConfigurationPlatforms) = preSolution
		Debug|Any CPU = Debug|Any CPU
		Debug|ARM = Debug|ARM
		Debug|ARM64 = Debug|ARM64
		Debug|x64 = Debug|x64
		Debug|x86 = Debug|x86
		Release|Any CPU = Release|Any CPU
		Release|ARM = Release|ARM
		Release|ARM64 = Release|ARM64
		Release|x64 = Release|x64
		Release|x86 = Release|x86
	EndGlobalSection
	GlobalSection(ProjectConfigurationPlatforms) = postSolution
		{8D6658F9-7CD6-4F98-85C0-3F18429319F4}.Debug|Any CPU.ActiveCfg = Debug|x86
		{8D6658F9-7CD6-4F98-85C0-3F18429319F4}.Debug|ARM.ActiveCfg = Debug|ARM
		{8D6658F9-7CD6-4F98-85C0-3F18429319F4}.Debug|ARM.Build.0 = Debug|ARM
		{8D6658F9-7CD6-4F98-85C0-3F18429319F4}.Debug|ARM.Deploy.0 = Debug|ARM
		{8D6658F9-7CD6-4F98-85C0-3F18429319F4}.Debug|ARM64.ActiveCfg = Debug|ARM64
		{8D6658F9-7CD6-4F98-85C0-3F18429319F4}.Debug|ARM64.Build.0 = Debug|ARM64
		{8D6658F9-7CD6-4F98-85C0-3F18429319F4}.Debug|ARM64.Deploy.0 = Debug|ARM64
		{8D6658F9-7CD6-4F98-85C0-3F18429319F4}.Debug|x64.ActiveCfg = Debug|x64
		{8D6658F9-7CD6-4F98-85C0-3F18429319F4}.Debug|x64.Build.0 = Debug|x64
		{8D6658F9-7CD6-4F98-85C0-3F18429319F4}.Debug|x64.Deploy.0 = Debug|x64
		{8D6658F9-7CD6-4F98-85C0-3F18429319F4}.Debug|x86.ActiveCfg = Debug|x86
		{8D6658F9-7CD6-4F98-85C0-3F18429319F4}.Debug|x86.Build.0 = Debug|x86
		{8D6658F9-7CD6-4F98-85C0-3F18429319F4}.Debug|x86.Deploy.0 = Debug|x86
		{8D6658F9-7CD6-4F98-85C0-3F18429319F4}.Release|Any CPU.ActiveCfg = Release|x86
		{8D6658F9-7CD6-4F98-85C0-3F18429319F4}.Release|ARM.ActiveCfg = Release|ARM
		{8D6658F9-7CD6-4F98-85C0-3F18429319F4}.Release|ARM.Build.0 = Release|ARM
		{8D6658F9-7CD6-4F98-85C0-3F18429319F4}.Release|ARM.Deploy.0 = Release|ARM
		{8D6658F9-7CD6-4F98-85C0-3F18429319F4}.Release|ARM64.ActiveCfg = Release|ARM64
		{8D6658F9-7CD6-4F98-85C0-3F18429319F4}.Release|ARM64.Build.0 = Release|ARM64
		{8D6658F9-7CD6-4F98-85C0-3F18429319F4}.Release|ARM64.Deploy.0 = Release|ARM64
		{8D6658F9-7CD6-4F98-85C0-3F18429319F4}.Release|x64.ActiveCfg = Release|x64
		{8D6658F9-7CD6-4F98-85C0-3F18429319F4}.Release|x64.Build.0 = Release|x64
		{8D6658F9-7CD6-4F98-85C0-3F18429319F4}.Release|x64.Deploy.0 = Release|x64
		{8D6658F9-7CD6-4F98-85C0-3F18429319F4}.Release|x86.ActiveCfg = Release|x86
		{8D6658F9-7CD6-4F98-85C0-3F18429319F4}.Release|x86.Build.0 = Release|x86
		{8D6658F9-7CD6-4F98-85C0-3F18429319F4}.Release|x86.Deploy.0 = Release|x86
		{3AE60D07-C8AE-483E-82E8-0DD57CA5F4D6}.Debug|Any CPU.ActiveCfg = Debug|Any CPU
		{3AE60D07-C8AE-483E-82E8-0DD57CA5F4D6}.Debug|Any CPU.Build.0 = Debug|Any CPU
		{3AE60D07-C8AE-483E-82E8-0DD57CA5F4D6}.Debug|ARM.ActiveCfg = Debug|Any CPU
		{3AE60D07-C8AE-483E-82E8-0DD57CA5F4D6}.Debug|ARM.Build.0 = Debug|Any CPU
		{3AE60D07-C8AE-483E-82E8-0DD57CA5F4D6}.Debug|ARM64.ActiveCfg = Debug|Any CPU
		{3AE60D07-C8AE-483E-82E8-0DD57CA5F4D6}.Debug|ARM64.Build.0 = Debug|Any CPU
		{3AE60D07-C8AE-483E-82E8-0DD57CA5F4D6}.Debug|x64.ActiveCfg = Debug|Any CPU
		{3AE60D07-C8AE-483E-82E8-0DD57CA5F4D6}.Debug|x64.Build.0 = Debug|Any CPU
		{3AE60D07-C8AE-483E-82E8-0DD57CA5F4D6}.Debug|x86.ActiveCfg = Debug|Any CPU
		{3AE60D07-C8AE-483E-82E8-0DD57CA5F4D6}.Debug|x86.Build.0 = Debug|Any CPU
		{3AE60D07-C8AE-483E-82E8-0DD57CA5F4D6}.Release|Any CPU.ActiveCfg = Release|Any CPU
		{3AE60D07-C8AE-483E-82E8-0DD57CA5F4D6}.Release|Any CPU.Build.0 = Release|Any CPU
		{3AE60D07-C8AE-483E-82E8-0DD57CA5F4D6}.Release|ARM.ActiveCfg = Release|Any CPU
		{3AE60D07-C8AE-483E-82E8-0DD57CA5F4D6}.Release|ARM.Build.0 = Release|Any CPU
		{3AE60D07-C8AE-483E-82E8-0DD57CA5F4D6}.Release|ARM64.ActiveCfg = Release|Any CPU
		{3AE60D07-C8AE-483E-82E8-0DD57CA5F4D6}.Release|ARM64.Build.0 = Release|Any CPU
		{3AE60D07-C8AE-483E-82E8-0DD57CA5F4D6}.Release|x64.ActiveCfg = Release|Any CPU
		{3AE60D07-C8AE-483E-82E8-0DD57CA5F4D6}.Release|x64.Build.0 = Release|Any CPU
		{3AE60D07-C8AE-483E-82E8-0DD57CA5F4D6}.Release|x86.ActiveCfg = Release|Any CPU
		{3AE60D07-C8AE-483E-82E8-0DD57CA5F4D6}.Release|x86.Build.0 = Release|Any CPU
		{886F7138-90C1-485E-8B6E-3EEAF92E8E0E}.Debug|Any CPU.ActiveCfg = Debug|Any CPU
		{886F7138-90C1-485E-8B6E-3EEAF92E8E0E}.Debug|Any CPU.Build.0 = Debug|Any CPU
		{886F7138-90C1-485E-8B6E-3EEAF92E8E0E}.Debug|ARM.ActiveCfg = Debug|Any CPU
		{886F7138-90C1-485E-8B6E-3EEAF92E8E0E}.Debug|ARM.Build.0 = Debug|Any CPU
		{886F7138-90C1-485E-8B6E-3EEAF92E8E0E}.Debug|ARM64.ActiveCfg = Debug|Any CPU
		{886F7138-90C1-485E-8B6E-3EEAF92E8E0E}.Debug|ARM64.Build.0 = Debug|Any CPU
		{886F7138-90C1-485E-8B6E-3EEAF92E8E0E}.Debug|x64.ActiveCfg = Debug|Any CPU
		{886F7138-90C1-485E-8B6E-3EEAF92E8E0E}.Debug|x64.Build.0 = Debug|Any CPU
		{886F7138-90C1-485E-8B6E-3EEAF92E8E0E}.Debug|x86.ActiveCfg = Debug|Any CPU
		{886F7138-90C1-485E-8B6E-3EEAF92E8E0E}.Debug|x86.Build.0 = Debug|Any CPU
		{886F7138-90C1-485E-8B6E-3EEAF92E8E0E}.Release|Any CPU.ActiveCfg = Release|Any CPU
		{886F7138-90C1-485E-8B6E-3EEAF92E8E0E}.Release|Any CPU.Build.0 = Release|Any CPU
		{886F7138-90C1-485E-8B6E-3EEAF92E8E0E}.Release|ARM.ActiveCfg = Release|Any CPU
		{886F7138-90C1-485E-8B6E-3EEAF92E8E0E}.Release|ARM.Build.0 = Release|Any CPU
		{886F7138-90C1-485E-8B6E-3EEAF92E8E0E}.Release|ARM64.ActiveCfg = Release|Any CPU
		{886F7138-90C1-485E-8B6E-3EEAF92E8E0E}.Release|ARM64.Build.0 = Release|Any CPU
		{886F7138-90C1-485E-8B6E-3EEAF92E8E0E}.Release|x64.ActiveCfg = Release|Any CPU
		{886F7138-90C1-485E-8B6E-3EEAF92E8E0E}.Release|x64.Build.0 = Release|Any CPU
		{886F7138-90C1-485E-8B6E-3EEAF92E8E0E}.Release|x86.ActiveCfg = Release|Any CPU
		{886F7138-90C1-485E-8B6E-3EEAF92E8E0E}.Release|x86.Build.0 = Release|Any CPU
	EndGlobalSection
	GlobalSection(SolutionProperties) = preSolution
		HideSolutionNode = FALSE
	EndGlobalSection
	GlobalSection(ExtensibilityGlobals) = postSolution
		SolutionGuid = {603D1479-1E8C-48CA-A784-4080DB7E7132}
	EndGlobalSection
EndGlobal
