
Microsoft Visual Studio Solution File, Format Version 12.00
# Visual Studio Version 16
VisualStudioVersion = 16.0.29503.13
MinimumVisualStudioVersion = 10.0.40219.1
Project("{9A19103F-16F7-4668-BE54-9A1E7A4F7556}") = "WPF.App.NETCore", "WpfApp1\WPF.App.NETCore.csproj", "{3AE60D07-C8AE-483E-82E8-0DD57CA5F4D6}"
EndProject
Project("{9A19103F-16F7-4668-BE54-9A1E7A4F7556}") = "WPF.Monogame.Library.NET472", "MyLevelEditor\WPF.Monogame.Library.NET472.csproj", "{886F7138-90C1-485E-8B6E-3EEAF92E8E0E}"
EndProject
Project("{2150E333-8FDC-42A3-9474-1A3956D46DE8}") = "Solution Items", "Solution Items", "{ED7FDC12-87DA-41FC-9847-BDCFABB3CC09}"
	ProjectSection(SolutionItems) = preProject
		.editorconfig = .editorconfig
	EndProjectSection
EndProject
Project("{9A19103F-16F7-4668-BE54-9A1E7A4F7556}") = "HTTPClient.NETCore", "HTTPClient.NETCore\HTTPClient.NETCore.csproj", "{538276BF-13BF-4CD9-81A4-53BFF103FC12}"
EndProject
Project("{9A19103F-16F7-4668-BE54-9A1E7A4F7556}") = "Console.NETCore", "Mg.AppDomain.NETCore\Console.NETCore.csproj", "{F30E49D0-B18A-499D-9A71-A87437F3B3A9}"
EndProject
Project("{9A19103F-16F7-4668-BE54-9A1E7A4F7556}") = "WPF.Frame.Library.NETCore", "TestFrame\WPF.Frame.Library.NETCore.csproj", "{A7539FFD-871F-4CC0-AD8A-687232BA175B}"
EndProject
Project("{9A19103F-16F7-4668-BE54-9A1E7A4F7556}") = "WPF.Monogame.App.NET472", "WPF.Monogame.App.NET472\WPF.Monogame.App.NET472\WPF.Monogame.App.NET472.csproj", "{926FA9E5-E2D2-4246-9870-1AE42EDC3724}"
EndProject
Global
	GlobalSection(SolutionConfigurationPlatforms) = preSolution
		Debug|Any CPU = Debug|Any CPU
		Debug|ARM = Debug|ARM
		Debug|ARM64 = Debug|ARM64
		Debug|x64 = Debug|x64
		Debug|x86 = Debug|x86
		Release|Any CPU = Release|Any CPU
		Release|ARM = Release|ARM
		Release|ARM64 = Release|ARM64
		Release|x64 = Release|x64
		Release|x86 = Release|x86
	EndGlobalSection
	GlobalSection(ProjectConfigurationPlatforms) = postSolution
		{3AE60D07-C8AE-483E-82E8-0DD57CA5F4D6}.Debug|Any CPU.ActiveCfg = Debug|Any CPU
		{3AE60D07-C8AE-483E-82E8-0DD57CA5F4D6}.Debug|Any CPU.Build.0 = Debug|Any CPU
		{3AE60D07-C8AE-483E-82E8-0DD57CA5F4D6}.Debug|ARM.ActiveCfg = Debug|Any CPU
		{3AE60D07-C8AE-483E-82E8-0DD57CA5F4D6}.Debug|ARM.Build.0 = Debug|Any CPU
		{3AE60D07-C8AE-483E-82E8-0DD57CA5F4D6}.Debug|ARM64.ActiveCfg = Debug|Any CPU
		{3AE60D07-C8AE-483E-82E8-0DD57CA5F4D6}.Debug|ARM64.Build.0 = Debug|Any CPU
		{3AE60D07-C8AE-483E-82E8-0DD57CA5F4D6}.Debug|x64.ActiveCfg = Debug|Any CPU
		{3AE60D07-C8AE-483E-82E8-0DD57CA5F4D6}.Debug|x64.Build.0 = Debug|Any CPU
		{3AE60D07-C8AE-483E-82E8-0DD57CA5F4D6}.Debug|x86.ActiveCfg = Debug|Any CPU
		{3AE60D07-C8AE-483E-82E8-0DD57CA5F4D6}.Debug|x86.Build.0 = Debug|Any CPU
		{3AE60D07-C8AE-483E-82E8-0DD57CA5F4D6}.Release|Any CPU.ActiveCfg = Release|Any CPU
		{3AE60D07-C8AE-483E-82E8-0DD57CA5F4D6}.Release|Any CPU.Build.0 = Release|Any CPU
		{3AE60D07-C8AE-483E-82E8-0DD57CA5F4D6}.Release|ARM.ActiveCfg = Release|Any CPU
		{3AE60D07-C8AE-483E-82E8-0DD57CA5F4D6}.Release|ARM.Build.0 = Release|Any CPU
		{3AE60D07-C8AE-483E-82E8-0DD57CA5F4D6}.Release|ARM64.ActiveCfg = Release|Any CPU
		{3AE60D07-C8AE-483E-82E8-0DD57CA5F4D6}.Release|ARM64.Build.0 = Release|Any CPU
		{3AE60D07-C8AE-483E-82E8-0DD57CA5F4D6}.Release|x64.ActiveCfg = Release|Any CPU
		{3AE60D07-C8AE-483E-82E8-0DD57CA5F4D6}.Release|x64.Build.0 = Release|Any CPU
		{3AE60D07-C8AE-483E-82E8-0DD57CA5F4D6}.Release|x86.ActiveCfg = Release|Any CPU
		{3AE60D07-C8AE-483E-82E8-0DD57CA5F4D6}.Release|x86.Build.0 = Release|Any CPU
		{886F7138-90C1-485E-8B6E-3EEAF92E8E0E}.Debug|Any CPU.ActiveCfg = Debug|Any CPU
		{886F7138-90C1-485E-8B6E-3EEAF92E8E0E}.Debug|Any CPU.Build.0 = Debug|Any CPU
		{886F7138-90C1-485E-8B6E-3EEAF92E8E0E}.Debug|ARM.ActiveCfg = Debug|Any CPU
		{886F7138-90C1-485E-8B6E-3EEAF92E8E0E}.Debug|ARM.Build.0 = Debug|Any CPU
		{886F7138-90C1-485E-8B6E-3EEAF92E8E0E}.Debug|ARM64.ActiveCfg = Debug|Any CPU
		{886F7138-90C1-485E-8B6E-3EEAF92E8E0E}.Debug|ARM64.Build.0 = Debug|Any CPU
		{886F7138-90C1-485E-8B6E-3EEAF92E8E0E}.Debug|x64.ActiveCfg = Debug|Any CPU
		{886F7138-90C1-485E-8B6E-3EEAF92E8E0E}.Debug|x64.Build.0 = Debug|Any CPU
		{886F7138-90C1-485E-8B6E-3EEAF92E8E0E}.Debug|x86.ActiveCfg = Debug|Any CPU
		{886F7138-90C1-485E-8B6E-3EEAF92E8E0E}.Debug|x86.Build.0 = Debug|Any CPU
		{886F7138-90C1-485E-8B6E-3EEAF92E8E0E}.Release|Any CPU.ActiveCfg = Release|Any CPU
		{886F7138-90C1-485E-8B6E-3EEAF92E8E0E}.Release|Any CPU.Build.0 = Release|Any CPU
		{886F7138-90C1-485E-8B6E-3EEAF92E8E0E}.Release|ARM.ActiveCfg = Release|Any CPU
		{886F7138-90C1-485E-8B6E-3EEAF92E8E0E}.Release|ARM.Build.0 = Release|Any CPU
		{886F7138-90C1-485E-8B6E-3EEAF92E8E0E}.Release|ARM64.ActiveCfg = Release|Any CPU
		{886F7138-90C1-485E-8B6E-3EEAF92E8E0E}.Release|ARM64.Build.0 = Release|Any CPU
		{886F7138-90C1-485E-8B6E-3EEAF92E8E0E}.Release|x64.ActiveCfg = Release|Any CPU
		{886F7138-90C1-485E-8B6E-3EEAF92E8E0E}.Release|x64.Build.0 = Release|Any CPU
		{886F7138-90C1-485E-8B6E-3EEAF92E8E0E}.Release|x86.ActiveCfg = Release|Any CPU
		{886F7138-90C1-485E-8B6E-3EEAF92E8E0E}.Release|x86.Build.0 = Release|Any CPU
		{538276BF-13BF-4CD9-81A4-53BFF103FC12}.Debug|Any CPU.ActiveCfg = Debug|Any CPU
		{538276BF-13BF-4CD9-81A4-53BFF103FC12}.Debug|Any CPU.Build.0 = Debug|Any CPU
		{538276BF-13BF-4CD9-81A4-53BFF103FC12}.Debug|ARM.ActiveCfg = Debug|Any CPU
		{538276BF-13BF-4CD9-81A4-53BFF103FC12}.Debug|ARM.Build.0 = Debug|Any CPU
		{538276BF-13BF-4CD9-81A4-53BFF103FC12}.Debug|ARM64.ActiveCfg = Debug|Any CPU
		{538276BF-13BF-4CD9-81A4-53BFF103FC12}.Debug|ARM64.Build.0 = Debug|Any CPU
		{538276BF-13BF-4CD9-81A4-53BFF103FC12}.Debug|x64.ActiveCfg = Debug|Any CPU
		{538276BF-13BF-4CD9-81A4-53BFF103FC12}.Debug|x64.Build.0 = Debug|Any CPU
		{538276BF-13BF-4CD9-81A4-53BFF103FC12}.Debug|x86.ActiveCfg = Debug|Any CPU
		{538276BF-13BF-4CD9-81A4-53BFF103FC12}.Debug|x86.Build.0 = Debug|Any CPU
		{538276BF-13BF-4CD9-81A4-53BFF103FC12}.Release|Any CPU.ActiveCfg = Release|Any CPU
		{538276BF-13BF-4CD9-81A4-53BFF103FC12}.Release|Any CPU.Build.0 = Release|Any CPU
		{538276BF-13BF-4CD9-81A4-53BFF103FC12}.Release|ARM.ActiveCfg = Release|Any CPU
		{538276BF-13BF-4CD9-81A4-53BFF103FC12}.Release|ARM.Build.0 = Release|Any CPU
		{538276BF-13BF-4CD9-81A4-53BFF103FC12}.Release|ARM64.ActiveCfg = Release|Any CPU
		{538276BF-13BF-4CD9-81A4-53BFF103FC12}.Release|ARM64.Build.0 = Release|Any CPU
		{538276BF-13BF-4CD9-81A4-53BFF103FC12}.Release|x64.ActiveCfg = Release|Any CPU
		{538276BF-13BF-4CD9-81A4-53BFF103FC12}.Release|x64.Build.0 = Release|Any CPU
		{538276BF-13BF-4CD9-81A4-53BFF103FC12}.Release|x86.ActiveCfg = Release|Any CPU
		{538276BF-13BF-4CD9-81A4-53BFF103FC12}.Release|x86.Build.0 = Release|Any CPU
		{F30E49D0-B18A-499D-9A71-A87437F3B3A9}.Debug|Any CPU.ActiveCfg = Debug|Any CPU
		{F30E49D0-B18A-499D-9A71-A87437F3B3A9}.Debug|Any CPU.Build.0 = Debug|Any CPU
		{F30E49D0-B18A-499D-9A71-A87437F3B3A9}.Debug|ARM.ActiveCfg = Debug|Any CPU
		{F30E49D0-B18A-499D-9A71-A87437F3B3A9}.Debug|ARM.Build.0 = Debug|Any CPU
		{F30E49D0-B18A-499D-9A71-A87437F3B3A9}.Debug|ARM64.ActiveCfg = Debug|Any CPU
		{F30E49D0-B18A-499D-9A71-A87437F3B3A9}.Debug|ARM64.Build.0 = Debug|Any CPU
		{F30E49D0-B18A-499D-9A71-A87437F3B3A9}.Debug|x64.ActiveCfg = Debug|Any CPU
		{F30E49D0-B18A-499D-9A71-A87437F3B3A9}.Debug|x64.Build.0 = Debug|Any CPU
		{F30E49D0-B18A-499D-9A71-A87437F3B3A9}.Debug|x86.ActiveCfg = Debug|Any CPU
		{F30E49D0-B18A-499D-9A71-A87437F3B3A9}.Debug|x86.Build.0 = Debug|Any CPU
		{F30E49D0-B18A-499D-9A71-A87437F3B3A9}.Release|Any CPU.ActiveCfg = Release|Any CPU
		{F30E49D0-B18A-499D-9A71-A87437F3B3A9}.Release|Any CPU.Build.0 = Release|Any CPU
		{F30E49D0-B18A-499D-9A71-A87437F3B3A9}.Release|ARM.ActiveCfg = Release|Any CPU
		{F30E49D0-B18A-499D-9A71-A87437F3B3A9}.Release|ARM.Build.0 = Release|Any CPU
		{F30E49D0-B18A-499D-9A71-A87437F3B3A9}.Release|ARM64.ActiveCfg = Release|Any CPU
		{F30E49D0-B18A-499D-9A71-A87437F3B3A9}.Release|ARM64.Build.0 = Release|Any CPU
		{F30E49D0-B18A-499D-9A71-A87437F3B3A9}.Release|x64.ActiveCfg = Release|Any CPU
		{F30E49D0-B18A-499D-9A71-A87437F3B3A9}.Release|x64.Build.0 = Release|Any CPU
		{F30E49D0-B18A-499D-9A71-A87437F3B3A9}.Release|x86.ActiveCfg = Release|Any CPU
		{F30E49D0-B18A-499D-9A71-A87437F3B3A9}.Release|x86.Build.0 = Release|Any CPU
		{A7539FFD-871F-4CC0-AD8A-687232BA175B}.Debug|Any CPU.ActiveCfg = Debug|Any CPU
		{A7539FFD-871F-4CC0-AD8A-687232BA175B}.Debug|Any CPU.Build.0 = Debug|Any CPU
		{A7539FFD-871F-4CC0-AD8A-687232BA175B}.Debug|ARM.ActiveCfg = Debug|Any CPU
		{A7539FFD-871F-4CC0-AD8A-687232BA175B}.Debug|ARM.Build.0 = Debug|Any CPU
		{A7539FFD-871F-4CC0-AD8A-687232BA175B}.Debug|ARM64.ActiveCfg = Debug|Any CPU
		{A7539FFD-871F-4CC0-AD8A-687232BA175B}.Debug|ARM64.Build.0 = Debug|Any CPU
		{A7539FFD-871F-4CC0-AD8A-687232BA175B}.Debug|x64.ActiveCfg = Debug|Any CPU
		{A7539FFD-871F-4CC0-AD8A-687232BA175B}.Debug|x64.Build.0 = Debug|Any CPU
		{A7539FFD-871F-4CC0-AD8A-687232BA175B}.Debug|x86.ActiveCfg = Debug|Any CPU
		{A7539FFD-871F-4CC0-AD8A-687232BA175B}.Debug|x86.Build.0 = Debug|Any CPU
		{A7539FFD-871F-4CC0-AD8A-687232BA175B}.Release|Any CPU.ActiveCfg = Release|Any CPU
		{A7539FFD-871F-4CC0-AD8A-687232BA175B}.Release|Any CPU.Build.0 = Release|Any CPU
		{A7539FFD-871F-4CC0-AD8A-687232BA175B}.Release|ARM.ActiveCfg = Release|Any CPU
		{A7539FFD-871F-4CC0-AD8A-687232BA175B}.Release|ARM.Build.0 = Release|Any CPU
		{A7539FFD-871F-4CC0-AD8A-687232BA175B}.Release|ARM64.ActiveCfg = Release|Any CPU
		{A7539FFD-871F-4CC0-AD8A-687232BA175B}.Release|ARM64.Build.0 = Release|Any CPU
		{A7539FFD-871F-4CC0-AD8A-687232BA175B}.Release|x64.ActiveCfg = Release|Any CPU
		{A7539FFD-871F-4CC0-AD8A-687232BA175B}.Release|x64.Build.0 = Release|Any CPU
		{A7539FFD-871F-4CC0-AD8A-687232BA175B}.Release|x86.ActiveCfg = Release|Any CPU
		{A7539FFD-871F-4CC0-AD8A-687232BA175B}.Release|x86.Build.0 = Release|Any CPU
		{926FA9E5-E2D2-4246-9870-1AE42EDC3724}.Debug|Any CPU.ActiveCfg = Debug|Any CPU
		{926FA9E5-E2D2-4246-9870-1AE42EDC3724}.Debug|Any CPU.Build.0 = Debug|Any CPU
		{926FA9E5-E2D2-4246-9870-1AE42EDC3724}.Debug|ARM.ActiveCfg = Debug|Any CPU
		{926FA9E5-E2D2-4246-9870-1AE42EDC3724}.Debug|ARM.Build.0 = Debug|Any CPU
		{926FA9E5-E2D2-4246-9870-1AE42EDC3724}.Debug|ARM64.ActiveCfg = Debug|Any CPU
		{926FA9E5-E2D2-4246-9870-1AE42EDC3724}.Debug|ARM64.Build.0 = Debug|Any CPU
		{926FA9E5-E2D2-4246-9870-1AE42EDC3724}.Debug|x64.ActiveCfg = Debug|Any CPU
		{926FA9E5-E2D2-4246-9870-1AE42EDC3724}.Debug|x64.Build.0 = Debug|Any CPU
		{926FA9E5-E2D2-4246-9870-1AE42EDC3724}.Debug|x86.ActiveCfg = Debug|Any CPU
		{926FA9E5-E2D2-4246-9870-1AE42EDC3724}.Debug|x86.Build.0 = Debug|Any CPU
		{926FA9E5-E2D2-4246-9870-1AE42EDC3724}.Release|Any CPU.ActiveCfg = Release|Any CPU
		{926FA9E5-E2D2-4246-9870-1AE42EDC3724}.Release|Any CPU.Build.0 = Release|Any CPU
		{926FA9E5-E2D2-4246-9870-1AE42EDC3724}.Release|ARM.ActiveCfg = Release|Any CPU
		{926FA9E5-E2D2-4246-9870-1AE42EDC3724}.Release|ARM.Build.0 = Release|Any CPU
		{926FA9E5-E2D2-4246-9870-1AE42EDC3724}.Release|ARM64.ActiveCfg = Release|Any CPU
		{926FA9E5-E2D2-4246-9870-1AE42EDC3724}.Release|ARM64.Build.0 = Release|Any CPU
		{926FA9E5-E2D2-4246-9870-1AE42EDC3724}.Release|x64.ActiveCfg = Release|Any CPU
		{926FA9E5-E2D2-4246-9870-1AE42EDC3724}.Release|x64.Build.0 = Release|Any CPU
		{926FA9E5-E2D2-4246-9870-1AE42EDC3724}.Release|x86.ActiveCfg = Release|Any CPU
		{926FA9E5-E2D2-4246-9870-1AE42EDC3724}.Release|x86.Build.0 = Release|Any CPU
	EndGlobalSection
	GlobalSection(SolutionProperties) = preSolution
		HideSolutionNode = FALSE
	EndGlobalSection
	GlobalSection(ExtensibilityGlobals) = postSolution
		SolutionGuid = {603D1479-1E8C-48CA-A784-4080DB7E7132}
	EndGlobalSection
EndGlobal
